PODS:
  - RxAtomic (4.4.0)
  - RxSSDP (4.2.1):
    - RxSwift (~> 4.4)
  - RxSwift (4.4.0):
    - RxAtomic (~> 4.4)
  - SwiftLint (0.29.2)

DEPENDENCIES:
  - RxSSDP (from `.`)
  - RxSwift (~> 4.4)
  - SwiftLint

SPEC REPOS:
  https://github.com/cocoapods/specs.git:
    - RxAtomic
    - RxSwift
    - SwiftLint

EXTERNAL SOURCES:
  RxSSDP:
    :path: "."

SPEC CHECKSUMS:
  RxAtomic: eacf60db868c96bfd63320e28619fe29c179656f
  RxSSDP: 3bf6ea64ea2f50fc90196bd0fee10612ae180321
  RxSwift: 5976ecd04fc2fefd648827c23de5e11157faa973
  SwiftLint: 47df60bdea6e7e902b193b6596db8683aafd86a3

PODFILE CHECKSUM: 160613952aba0ffbdf669607f2954228071ca79b

COCOAPODS: 1.5.3
