PODS:
  - RxBlocking (5.0.0):
    - RxSwift (~> 5)
  - RxSSDP (5.0.3):
    - RxSwift (~> 5)
  - RxSwift (5.0.0)
  - SwiftLint (0.31.0)

DEPENDENCIES:
  - RxBlocking (~> 5)
  - RxSSDP (from `.`)
  - RxSwift (~> 5)
  - SwiftLint

SPEC REPOS:
  https://github.com/cocoapods/specs.git:
    - RxBlocking
    - RxSwift
    - SwiftLint

EXTERNAL SOURCES:
  RxSSDP:
    :path: "."

SPEC CHECKSUMS:
  RxBlocking: c67185d26498ea3cbe3e121917c3c16739e43123
  RxSSDP: 866485f210137fe420c9cce361e76e6390c65f94
  RxSwift: 8b0671caa829a763bbce7271095859121cbd895f
  SwiftLint: 7a0227733d786395817373b2d0ca799fd0093ff3

PODFILE CHECKSUM: 49afb546c0718ef7c5906cbedc5ff2176d6adc80

COCOAPODS: 1.5.3
