// !$*UTF8*$!
{
	archiveVersion = 1;
	classes = {
	};
	objectVersion = 48;
	objects = {

/* Begin PBXBuildFile section */
		5DDE2484CC64CF1A813D44C0 /* Pods_TV_Sample_App.framework in Frameworks */ = {isa = PBXBuildFile; fileRef = DC03867F9FB284C343586718 /* Pods_TV_Sample_App.framework */; };
		6B75E1CD16D5E8A800E57B73 /* Pods_Mac_Sample_App.framework in Frameworks */ = {isa = PBXBuildFile; fileRef = C9B45008A8198DE9C9272179 /* Pods_Mac_Sample_App.framework */; };
		A5D82BD76332A9A0B0A8A9C8 /* Pods_RxSSDP.framework in Frameworks */ = {isa = PBXBuildFile; fileRef = FC310FA945FF6DE3A9C87FE9 /* Pods_RxSSDP.framework */; };
		F60F39CC37A6AF4296EBAA2A /* Pods_iOS_Sample_App.framework in Frameworks */ = {isa = PBXBuildFile; fileRef = DE8F4FA7D2A41AD7E0833A95 /* Pods_iOS_Sample_App.framework */; };
		F808EF0121DCA35B00382380 /* .swiftlint.yml in Resources */ = {isa = PBXBuildFile; fileRef = F808EF0021DCA35B00382380 /* .swiftlint.yml */; };
		F8122C8E205D976300FE588A /* RxSSDP.h in Headers */ = {isa = PBXBuildFile; fileRef = F8122C8C205D976300FE588A /* RxSSDP.h */; settings = {ATTRIBUTES = (Public, ); }; };
		F8122CAC205D988700FE588A /* SSDPRepository.swift in Sources */ = {isa = PBXBuildFile; fileRef = F8122CA1205D988700FE588A /* SSDPRepository.swift */; };
		F8122CAE205D988700FE588A /* SSDPRepositoryImpl.swift in Sources */ = {isa = PBXBuildFile; fileRef = F8122CA3205D988700FE588A /* SSDPRepositoryImpl.swift */; };
		F8122CB4205D988700FE588A /* RxSSDPClient.swift in Sources */ = {isa = PBXBuildFile; fileRef = F8122CAA205D988700FE588A /* RxSSDPClient.swift */; };
		F82075C521DFD6BC003CE22B /* AppDelegate.swift in Sources */ = {isa = PBXBuildFile; fileRef = F82075C421DFD6BC003CE22B /* AppDelegate.swift */; };
		F82075C721DFD6BC003CE22B /* ViewController.swift in Sources */ = {isa = PBXBuildFile; fileRef = F82075C621DFD6BC003CE22B /* ViewController.swift */; };
		F82075C921DFD6BD003CE22B /* Assets.xcassets in Resources */ = {isa = PBXBuildFile; fileRef = F82075C821DFD6BD003CE22B /* Assets.xcassets */; };
		F82075CC21DFD6BD003CE22B /* Main.storyboard in Resources */ = {isa = PBXBuildFile; fileRef = F82075CA21DFD6BD003CE22B /* Main.storyboard */; };
		F82075DA21DFDEAD003CE22B /* AppDelegate.swift in Sources */ = {isa = PBXBuildFile; fileRef = F82075D921DFDEAD003CE22B /* AppDelegate.swift */; };
		F82075DC21DFDEAD003CE22B /* ViewController.swift in Sources */ = {isa = PBXBuildFile; fileRef = F82075DB21DFDEAD003CE22B /* ViewController.swift */; };
		F82075DF21DFDEAD003CE22B /* Main.storyboard in Resources */ = {isa = PBXBuildFile; fileRef = F82075DD21DFDEAD003CE22B /* Main.storyboard */; };
		F82075E121DFDEAE003CE22B /* Assets.xcassets in Resources */ = {isa = PBXBuildFile; fileRef = F82075E021DFDEAE003CE22B /* Assets.xcassets */; };
		F855B912205D0E1A0014936C /* AppDelegate.swift in Sources */ = {isa = PBXBuildFile; fileRef = F855B911205D0E1A0014936C /* AppDelegate.swift */; };
		F855B914205D0E1A0014936C /* ViewController.swift in Sources */ = {isa = PBXBuildFile; fileRef = F855B913205D0E1A0014936C /* ViewController.swift */; };
		F855B917205D0E1A0014936C /* Main.storyboard in Resources */ = {isa = PBXBuildFile; fileRef = F855B915205D0E1A0014936C /* Main.storyboard */; };
		F855B919205D0E1A0014936C /* Assets.xcassets in Resources */ = {isa = PBXBuildFile; fileRef = F855B918205D0E1A0014936C /* Assets.xcassets */; };
		F855B91C205D0E1A0014936C /* LaunchScreen.storyboard in Resources */ = {isa = PBXBuildFile; fileRef = F855B91A205D0E1A0014936C /* LaunchScreen.storyboard */; };
		F8830F4620D79734002FC8B8 /* SSDPResponse.swift in Sources */ = {isa = PBXBuildFile; fileRef = F8830F4320D79734002FC8B8 /* SSDPResponse.swift */; };
		F8830F4720D79734002FC8B8 /* UDPBroadcastConnection.swift in Sources */ = {isa = PBXBuildFile; fileRef = F8830F4420D79734002FC8B8 /* UDPBroadcastConnection.swift */; };
		F8830F4820D79734002FC8B8 /* SSDPMessageParser.swift in Sources */ = {isa = PBXBuildFile; fileRef = F8830F4520D79734002FC8B8 /* SSDPMessageParser.swift */; };
		F8B0D8B12083A5210072BAE0 /* SSDPSettings.swift in Sources */ = {isa = PBXBuildFile; fileRef = F8B0D8B02083A5210072BAE0 /* SSDPSettings.swift */; };
/* End PBXBuildFile section */

/* Begin PBXFileReference section */
		2C9DE0A276CCCB0335755AF3 /* Pods-Mac Sample App.release.xcconfig */ = {isa = PBXFileReference; includeInIndex = 1; lastKnownFileType = text.xcconfig; name = "Pods-Mac Sample App.release.xcconfig"; path = "Pods/Target Support Files/Pods-Mac Sample App/Pods-Mac Sample App.release.xcconfig"; sourceTree = "<group>"; };
		58FDC5059E16F47FA05E7D1D /* Pods-TV Sample App.release.xcconfig */ = {isa = PBXFileReference; includeInIndex = 1; lastKnownFileType = text.xcconfig; name = "Pods-TV Sample App.release.xcconfig"; path = "Pods/Target Support Files/Pods-TV Sample App/Pods-TV Sample App.release.xcconfig"; sourceTree = "<group>"; };
		5B7DBAD14841B8139F3E6CDD /* Pods-iOS Sample App.release.xcconfig */ = {isa = PBXFileReference; includeInIndex = 1; lastKnownFileType = text.xcconfig; name = "Pods-iOS Sample App.release.xcconfig"; path = "Pods/Target Support Files/Pods-iOS Sample App/Pods-iOS Sample App.release.xcconfig"; sourceTree = "<group>"; };
		6C1C2CC9A802930718FB0643 /* Pods-RxSSDP.release.xcconfig */ = {isa = PBXFileReference; includeInIndex = 1; lastKnownFileType = text.xcconfig; name = "Pods-RxSSDP.release.xcconfig"; path = "Pods/Target Support Files/Pods-RxSSDP/Pods-RxSSDP.release.xcconfig"; sourceTree = "<group>"; };
		7BE064C00E8C1970AC69A534 /* Pods-TV Sample App.debug.xcconfig */ = {isa = PBXFileReference; includeInIndex = 1; lastKnownFileType = text.xcconfig; name = "Pods-TV Sample App.debug.xcconfig"; path = "Pods/Target Support Files/Pods-TV Sample App/Pods-TV Sample App.debug.xcconfig"; sourceTree = "<group>"; };
		C9B45008A8198DE9C9272179 /* Pods_Mac_Sample_App.framework */ = {isa = PBXFileReference; explicitFileType = wrapper.framework; includeInIndex = 0; path = Pods_Mac_Sample_App.framework; sourceTree = BUILT_PRODUCTS_DIR; };
		D5AB1D5473D1382A63A109B6 /* Pods-RxSSDP.debug.xcconfig */ = {isa = PBXFileReference; includeInIndex = 1; lastKnownFileType = text.xcconfig; name = "Pods-RxSSDP.debug.xcconfig"; path = "Pods/Target Support Files/Pods-RxSSDP/Pods-RxSSDP.debug.xcconfig"; sourceTree = "<group>"; };
		DC03867F9FB284C343586718 /* Pods_TV_Sample_App.framework */ = {isa = PBXFileReference; explicitFileType = wrapper.framework; includeInIndex = 0; path = Pods_TV_Sample_App.framework; sourceTree = BUILT_PRODUCTS_DIR; };
		DE8F4FA7D2A41AD7E0833A95 /* Pods_iOS_Sample_App.framework */ = {isa = PBXFileReference; explicitFileType = wrapper.framework; includeInIndex = 0; path = Pods_iOS_Sample_App.framework; sourceTree = BUILT_PRODUCTS_DIR; };
		EAECDF3D4AC8F256B475824D /* Pods-iOS Sample App.debug.xcconfig */ = {isa = PBXFileReference; includeInIndex = 1; lastKnownFileType = text.xcconfig; name = "Pods-iOS Sample App.debug.xcconfig"; path = "Pods/Target Support Files/Pods-iOS Sample App/Pods-iOS Sample App.debug.xcconfig"; sourceTree = "<group>"; };
		F293656C8F76DB63C2F59351 /* Pods-Mac Sample App.debug.xcconfig */ = {isa = PBXFileReference; includeInIndex = 1; lastKnownFileType = text.xcconfig; name = "Pods-Mac Sample App.debug.xcconfig"; path = "Pods/Target Support Files/Pods-Mac Sample App/Pods-Mac Sample App.debug.xcconfig"; sourceTree = "<group>"; };
		F808EF0021DCA35B00382380 /* .swiftlint.yml */ = {isa = PBXFileReference; lastKnownFileType = text; path = .swiftlint.yml; sourceTree = "<group>"; };
		F8122C8A205D976300FE588A /* RxSSDP.framework */ = {isa = PBXFileReference; explicitFileType = wrapper.framework; includeInIndex = 0; path = RxSSDP.framework; sourceTree = BUILT_PRODUCTS_DIR; };
		F8122C8C205D976300FE588A /* RxSSDP.h */ = {isa = PBXFileReference; lastKnownFileType = sourcecode.c.h; path = RxSSDP.h; sourceTree = "<group>"; };
		F8122C8D205D976300FE588A /* Info.plist */ = {isa = PBXFileReference; lastKnownFileType = text.plist.xml; path = Info.plist; sourceTree = "<group>"; };
		F8122CA1205D988700FE588A /* SSDPRepository.swift */ = {isa = PBXFileReference; fileEncoding = 4; lastKnownFileType = sourcecode.swift; path = SSDPRepository.swift; sourceTree = "<group>"; };
		F8122CA3205D988700FE588A /* SSDPRepositoryImpl.swift */ = {isa = PBXFileReference; fileEncoding = 4; lastKnownFileType = sourcecode.swift; path = SSDPRepositoryImpl.swift; sourceTree = "<group>"; };
		F8122CAA205D988700FE588A /* RxSSDPClient.swift */ = {isa = PBXFileReference; fileEncoding = 4; lastKnownFileType = sourcecode.swift; path = RxSSDPClient.swift; sourceTree = "<group>"; };
		F82075C221DFD6BC003CE22B /* Mac Sample App.app */ = {isa = PBXFileReference; explicitFileType = wrapper.application; includeInIndex = 0; path = "Mac Sample App.app"; sourceTree = BUILT_PRODUCTS_DIR; };
		F82075C421DFD6BC003CE22B /* AppDelegate.swift */ = {isa = PBXFileReference; lastKnownFileType = sourcecode.swift; path = AppDelegate.swift; sourceTree = "<group>"; };
		F82075C621DFD6BC003CE22B /* ViewController.swift */ = {isa = PBXFileReference; lastKnownFileType = sourcecode.swift; path = ViewController.swift; sourceTree = "<group>"; };
		F82075C821DFD6BD003CE22B /* Assets.xcassets */ = {isa = PBXFileReference; lastKnownFileType = folder.assetcatalog; path = Assets.xcassets; sourceTree = "<group>"; };
		F82075CB21DFD6BD003CE22B /* Base */ = {isa = PBXFileReference; lastKnownFileType = file.storyboard; name = Base; path = Base.lproj/Main.storyboard; sourceTree = "<group>"; };
		F82075CD21DFD6BD003CE22B /* Info.plist */ = {isa = PBXFileReference; lastKnownFileType = text.plist.xml; path = Info.plist; sourceTree = "<group>"; };
		F82075CE21DFD6BD003CE22B /* Mac_Demo_App.entitlements */ = {isa = PBXFileReference; lastKnownFileType = text.plist.entitlements; path = Mac_Demo_App.entitlements; sourceTree = "<group>"; };
		F82075D221DFDD41003CE22B /* README.md */ = {isa = PBXFileReference; lastKnownFileType = net.daringfireball.markdown; path = README.md; sourceTree = "<group>"; };
		F82075D721DFDEAD003CE22B /* TV Sample App.app */ = {isa = PBXFileReference; explicitFileType = wrapper.application; includeInIndex = 0; path = "TV Sample App.app"; sourceTree = BUILT_PRODUCTS_DIR; };
		F82075D921DFDEAD003CE22B /* AppDelegate.swift */ = {isa = PBXFileReference; lastKnownFileType = sourcecode.swift; path = AppDelegate.swift; sourceTree = "<group>"; };
		F82075DB21DFDEAD003CE22B /* ViewController.swift */ = {isa = PBXFileReference; lastKnownFileType = sourcecode.swift; path = ViewController.swift; sourceTree = "<group>"; };
		F82075DE21DFDEAD003CE22B /* Base */ = {isa = PBXFileReference; lastKnownFileType = file.storyboard; name = Base; path = Base.lproj/Main.storyboard; sourceTree = "<group>"; };
		F82075E021DFDEAE003CE22B /* Assets.xcassets */ = {isa = PBXFileReference; lastKnownFileType = folder.assetcatalog; path = Assets.xcassets; sourceTree = "<group>"; };
		F82075E221DFDEAE003CE22B /* Info.plist */ = {isa = PBXFileReference; lastKnownFileType = text.plist.xml; path = Info.plist; sourceTree = "<group>"; };
		F855B90F205D0E1A0014936C /* iOS Sample App.app */ = {isa = PBXFileReference; explicitFileType = wrapper.application; includeInIndex = 0; path = "iOS Sample App.app"; sourceTree = BUILT_PRODUCTS_DIR; };
		F855B911205D0E1A0014936C /* AppDelegate.swift */ = {isa = PBXFileReference; lastKnownFileType = sourcecode.swift; path = AppDelegate.swift; sourceTree = "<group>"; };
		F855B913205D0E1A0014936C /* ViewController.swift */ = {isa = PBXFileReference; lastKnownFileType = sourcecode.swift; path = ViewController.swift; sourceTree = "<group>"; };
		F855B916205D0E1A0014936C /* Base */ = {isa = PBXFileReference; lastKnownFileType = file.storyboard; name = Base; path = Base.lproj/Main.storyboard; sourceTree = "<group>"; };
		F855B918205D0E1A0014936C /* Assets.xcassets */ = {isa = PBXFileReference; lastKnownFileType = folder.assetcatalog; path = Assets.xcassets; sourceTree = "<group>"; };
		F855B91B205D0E1A0014936C /* Base */ = {isa = PBXFileReference; lastKnownFileType = file.storyboard; name = Base; path = Base.lproj/LaunchScreen.storyboard; sourceTree = "<group>"; };
		F855B91D205D0E1A0014936C /* Info.plist */ = {isa = PBXFileReference; lastKnownFileType = text.plist.xml; path = Info.plist; sourceTree = "<group>"; };
		F8830F4320D79734002FC8B8 /* SSDPResponse.swift */ = {isa = PBXFileReference; fileEncoding = 4; lastKnownFileType = sourcecode.swift; path = SSDPResponse.swift; sourceTree = "<group>"; };
		F8830F4420D79734002FC8B8 /* UDPBroadcastConnection.swift */ = {isa = PBXFileReference; fileEncoding = 4; lastKnownFileType = sourcecode.swift; path = UDPBroadcastConnection.swift; sourceTree = "<group>"; };
		F8830F4520D79734002FC8B8 /* SSDPMessageParser.swift */ = {isa = PBXFileReference; fileEncoding = 4; lastKnownFileType = sourcecode.swift; path = SSDPMessageParser.swift; sourceTree = "<group>"; };
		F8B0D8B02083A5210072BAE0 /* SSDPSettings.swift */ = {isa = PBXFileReference; lastKnownFileType = sourcecode.swift; path = SSDPSettings.swift; sourceTree = "<group>"; };
		FC310FA945FF6DE3A9C87FE9 /* Pods_RxSSDP.framework */ = {isa = PBXFileReference; explicitFileType = wrapper.framework; includeInIndex = 0; path = Pods_RxSSDP.framework; sourceTree = BUILT_PRODUCTS_DIR; };
/* End PBXFileReference section */

/* Begin PBXFrameworksBuildPhase section */
		F8122C86205D976300FE588A /* Frameworks */ = {
			isa = PBXFrameworksBuildPhase;
			buildActionMask = 2147483647;
			files = (
				A5D82BD76332A9A0B0A8A9C8 /* Pods_RxSSDP.framework in Frameworks */,
			);
			runOnlyForDeploymentPostprocessing = 0;
		};
		F82075BF21DFD6BC003CE22B /* Frameworks */ = {
			isa = PBXFrameworksBuildPhase;
			buildActionMask = 2147483647;
			files = (
				6B75E1CD16D5E8A800E57B73 /* Pods_Mac_Sample_App.framework in Frameworks */,
			);
			runOnlyForDeploymentPostprocessing = 0;
		};
		F82075D421DFDEAD003CE22B /* Frameworks */ = {
			isa = PBXFrameworksBuildPhase;
			buildActionMask = 2147483647;
			files = (
				5DDE2484CC64CF1A813D44C0 /* Pods_TV_Sample_App.framework in Frameworks */,
			);
			runOnlyForDeploymentPostprocessing = 0;
		};
		F855B90C205D0E1A0014936C /* Frameworks */ = {
			isa = PBXFrameworksBuildPhase;
			buildActionMask = 2147483647;
			files = (
				F60F39CC37A6AF4296EBAA2A /* Pods_iOS_Sample_App.framework in Frameworks */,
			);
			runOnlyForDeploymentPostprocessing = 0;
		};
/* End PBXFrameworksBuildPhase section */

/* Begin PBXGroup section */
		D1F9F89FB895879671AB0312 /* Pods */ = {
			isa = PBXGroup;
			children = (
				D5AB1D5473D1382A63A109B6 /* Pods-RxSSDP.debug.xcconfig */,
				6C1C2CC9A802930718FB0643 /* Pods-RxSSDP.release.xcconfig */,
				EAECDF3D4AC8F256B475824D /* Pods-iOS Sample App.debug.xcconfig */,
				5B7DBAD14841B8139F3E6CDD /* Pods-iOS Sample App.release.xcconfig */,
				F293656C8F76DB63C2F59351 /* Pods-Mac Sample App.debug.xcconfig */,
				2C9DE0A276CCCB0335755AF3 /* Pods-Mac Sample App.release.xcconfig */,
				7BE064C00E8C1970AC69A534 /* Pods-TV Sample App.debug.xcconfig */,
				58FDC5059E16F47FA05E7D1D /* Pods-TV Sample App.release.xcconfig */,
			);
			name = Pods;
			sourceTree = "<group>";
		};
		F0B0D6427D56302F02F2297F /* Frameworks */ = {
			isa = PBXGroup;
			children = (
				FC310FA945FF6DE3A9C87FE9 /* Pods_RxSSDP.framework */,
				DE8F4FA7D2A41AD7E0833A95 /* Pods_iOS_Sample_App.framework */,
				C9B45008A8198DE9C9272179 /* Pods_Mac_Sample_App.framework */,
				DC03867F9FB284C343586718 /* Pods_TV_Sample_App.framework */,
			);
			name = Frameworks;
			sourceTree = "<group>";
		};
		F8122C8B205D976300FE588A /* RxSSDP */ = {
			isa = PBXGroup;
			children = (
				F8122C8C205D976300FE588A /* RxSSDP.h */,
				F8122C8D205D976300FE588A /* Info.plist */,
				F8122CAA205D988700FE588A /* RxSSDPClient.swift */,
				F8122CA1205D988700FE588A /* SSDPRepository.swift */,
				F8122CA3205D988700FE588A /* SSDPRepositoryImpl.swift */,
				F8B0D8B02083A5210072BAE0 /* SSDPSettings.swift */,
				F8830F4520D79734002FC8B8 /* SSDPMessageParser.swift */,
				F8830F4320D79734002FC8B8 /* SSDPResponse.swift */,
				F8830F4420D79734002FC8B8 /* UDPBroadcastConnection.swift */,
			);
			path = RxSSDP;
			sourceTree = "<group>";
		};
		F82075BD21DFD532003CE22B /* Demo */ = {
			isa = PBXGroup;
			children = (
				F82075D821DFDEAD003CE22B /* TV */,
				F82075C321DFD6BC003CE22B /* Mac */,
				F855B910205D0E1A0014936C /* iOS */,
			);
			name = Demo;
			path = "Demo App";
			sourceTree = "<group>";
		};
		F82075C321DFD6BC003CE22B /* Mac */ = {
			isa = PBXGroup;
			children = (
				F82075C421DFD6BC003CE22B /* AppDelegate.swift */,
				F82075C621DFD6BC003CE22B /* ViewController.swift */,
				F82075C821DFD6BD003CE22B /* Assets.xcassets */,
				F82075CA21DFD6BD003CE22B /* Main.storyboard */,
				F82075CD21DFD6BD003CE22B /* Info.plist */,
				F82075CE21DFD6BD003CE22B /* Mac_Demo_App.entitlements */,
			);
			path = Mac;
			sourceTree = "<group>";
		};
		F82075D821DFDEAD003CE22B /* TV */ = {
			isa = PBXGroup;
			children = (
				F82075D921DFDEAD003CE22B /* AppDelegate.swift */,
				F82075DB21DFDEAD003CE22B /* ViewController.swift */,
				F82075DD21DFDEAD003CE22B /* Main.storyboard */,
				F82075E021DFDEAE003CE22B /* Assets.xcassets */,
				F82075E221DFDEAE003CE22B /* Info.plist */,
			);
			path = TV;
			sourceTree = "<group>";
		};
		F855B910205D0E1A0014936C /* iOS */ = {
			isa = PBXGroup;
			children = (
				F855B911205D0E1A0014936C /* AppDelegate.swift */,
				F855B913205D0E1A0014936C /* ViewController.swift */,
				F855B915205D0E1A0014936C /* Main.storyboard */,
				F855B918205D0E1A0014936C /* Assets.xcassets */,
				F855B91A205D0E1A0014936C /* LaunchScreen.storyboard */,
				F855B91D205D0E1A0014936C /* Info.plist */,
			);
			path = iOS;
			sourceTree = "<group>";
		};
		F8F56174205D0C8E00E28533 = {
			isa = PBXGroup;
			children = (
				F82075D221DFDD41003CE22B /* README.md */,
				F808EF0021DCA35B00382380 /* .swiftlint.yml */,
				F82075BD21DFD532003CE22B /* Demo */,
				F8122C8B205D976300FE588A /* RxSSDP */,
				F8F5617E205D0C8E00E28533 /* Products */,
				D1F9F89FB895879671AB0312 /* Pods */,
				F0B0D6427D56302F02F2297F /* Frameworks */,
			);
			sourceTree = "<group>";
		};
		F8F5617E205D0C8E00E28533 /* Products */ = {
			isa = PBXGroup;
			children = (
				F855B90F205D0E1A0014936C /* iOS Sample App.app */,
				F8122C8A205D976300FE588A /* RxSSDP.framework */,
				F82075C221DFD6BC003CE22B /* Mac Sample App.app */,
				F82075D721DFDEAD003CE22B /* TV Sample App.app */,
			);
			name = Products;
			sourceTree = "<group>";
		};
/* End PBXGroup section */

/* Begin PBXHeadersBuildPhase section */
		F8122C87205D976300FE588A /* Headers */ = {
			isa = PBXHeadersBuildPhase;
			buildActionMask = 2147483647;
			files = (
				F8122C8E205D976300FE588A /* RxSSDP.h in Headers */,
			);
			runOnlyForDeploymentPostprocessing = 0;
		};
/* End PBXHeadersBuildPhase section */

/* Begin PBXNativeTarget section */
		F8122C89205D976300FE588A /* RxSSDP */ = {
			isa = PBXNativeTarget;
			buildConfigurationList = F8122C93205D976300FE588A /* Build configuration list for PBXNativeTarget "RxSSDP" */;
			buildPhases = (
				C22FFBF427B3298D6256C81A /* [CP] Check Pods Manifest.lock */,
				F8122C85205D976300FE588A /* Sources */,
				F8122C86205D976300FE588A /* Frameworks */,
				F8122C87205D976300FE588A /* Headers */,
				F8122C88205D976300FE588A /* Resources */,
				F808EEFF21DCA29B00382380 /* Swiftlint */,
			);
			buildRules = (
			);
			dependencies = (
			);
			name = RxSSDP;
			productName = RxSSDP;
			productReference = F8122C8A205D976300FE588A /* RxSSDP.framework */;
			productType = "com.apple.product-type.framework";
		};
		F82075C121DFD6BC003CE22B /* Mac Sample App */ = {
			isa = PBXNativeTarget;
			buildConfigurationList = F82075D121DFD6BD003CE22B /* Build configuration list for PBXNativeTarget "Mac Sample App" */;
			buildPhases = (
				C8F8E905F0458C805F39EF27 /* [CP] Check Pods Manifest.lock */,
				F82075BE21DFD6BC003CE22B /* Sources */,
				F82075BF21DFD6BC003CE22B /* Frameworks */,
				F82075C021DFD6BC003CE22B /* Resources */,
				1160A5419AE8B4B936032265 /* [CP] Embed Pods Frameworks */,
			);
			buildRules = (
			);
			dependencies = (
			);
			name = "Mac Sample App";
			productName = "Mac Demo App";
			productReference = F82075C221DFD6BC003CE22B /* Mac Sample App.app */;
			productType = "com.apple.product-type.application";
		};
		F82075D621DFDEAD003CE22B /* TV Sample App */ = {
			isa = PBXNativeTarget;
			buildConfigurationList = F82075E321DFDEAE003CE22B /* Build configuration list for PBXNativeTarget "TV Sample App" */;
			buildPhases = (
				6BDE2B5850501EF790CC89A3 /* [CP] Check Pods Manifest.lock */,
				F82075D321DFDEAD003CE22B /* Sources */,
				F82075D421DFDEAD003CE22B /* Frameworks */,
				F82075D521DFDEAD003CE22B /* Resources */,
				CF33CEA7F7875490824FB95D /* [CP] Embed Pods Frameworks */,
			);
			buildRules = (
			);
			dependencies = (
			);
			name = "TV Sample App";
			productName = "TV Sample App";
			productReference = F82075D721DFDEAD003CE22B /* TV Sample App.app */;
			productType = "com.apple.product-type.application";
		};
		F855B90E205D0E1A0014936C /* iOS Sample App */ = {
			isa = PBXNativeTarget;
			buildConfigurationList = F855B91E205D0E1A0014936C /* Build configuration list for PBXNativeTarget "iOS Sample App" */;
			buildPhases = (
				5B826939FECB8AD692F0DB68 /* [CP] Check Pods Manifest.lock */,
				F855B90B205D0E1A0014936C /* Sources */,
				F855B90C205D0E1A0014936C /* Frameworks */,
				F855B90D205D0E1A0014936C /* Resources */,
				4AEAF9E50E5023828A21B480 /* [CP] Embed Pods Frameworks */,
			);
			buildRules = (
			);
			dependencies = (
			);
			name = "iOS Sample App";
			productName = "Sample App";
			productReference = F855B90F205D0E1A0014936C /* iOS Sample App.app */;
			productType = "com.apple.product-type.application";
		};
/* End PBXNativeTarget section */

/* Begin PBXProject section */
		F8F56175205D0C8E00E28533 /* Project object */ = {
			isa = PBXProject;
			attributes = {
				LastSwiftUpdateCheck = 1010;
				LastUpgradeCheck = 0930;
				ORGANIZATIONNAME = Uberweb;
				TargetAttributes = {
					F8122C89205D976300FE588A = {
						CreatedOnToolsVersion = 9.2;
						LastSwiftMigration = 0920;
						ProvisioningStyle = Automatic;
					};
					F82075C121DFD6BC003CE22B = {
						CreatedOnToolsVersion = 10.1;
						ProvisioningStyle = Automatic;
					};
					F82075D621DFDEAD003CE22B = {
						CreatedOnToolsVersion = 10.1;
						ProvisioningStyle = Automatic;
					};
					F855B90E205D0E1A0014936C = {
						CreatedOnToolsVersion = 9.2;
						LastSwiftMigration = 1010;
						ProvisioningStyle = Automatic;
					};
				};
			};
			buildConfigurationList = F8F56178205D0C8E00E28533 /* Build configuration list for PBXProject "RxSSDP" */;
			compatibilityVersion = "Xcode 8.0";
			developmentRegion = en;
			hasScannedForEncodings = 0;
			knownRegions = (
				en,
				Base,
			);
			mainGroup = F8F56174205D0C8E00E28533;
			productRefGroup = F8F5617E205D0C8E00E28533 /* Products */;
			projectDirPath = "";
			projectRoot = "";
			targets = (
				F8122C89205D976300FE588A /* RxSSDP */,
				F855B90E205D0E1A0014936C /* iOS Sample App */,
				F82075C121DFD6BC003CE22B /* Mac Sample App */,
				F82075D621DFDEAD003CE22B /* TV Sample App */,
			);
		};
/* End PBXProject section */

/* Begin PBXResourcesBuildPhase section */
		F8122C88205D976300FE588A /* Resources */ = {
			isa = PBXResourcesBuildPhase;
			buildActionMask = 2147483647;
			files = (
				F808EF0121DCA35B00382380 /* .swiftlint.yml in Resources */,
			);
			runOnlyForDeploymentPostprocessing = 0;
		};
		F82075C021DFD6BC003CE22B /* Resources */ = {
			isa = PBXResourcesBuildPhase;
			buildActionMask = 2147483647;
			files = (
				F82075C921DFD6BD003CE22B /* Assets.xcassets in Resources */,
				F82075CC21DFD6BD003CE22B /* Main.storyboard in Resources */,
			);
			runOnlyForDeploymentPostprocessing = 0;
		};
		F82075D521DFDEAD003CE22B /* Resources */ = {
			isa = PBXResourcesBuildPhase;
			buildActionMask = 2147483647;
			files = (
				F82075E121DFDEAE003CE22B /* Assets.xcassets in Resources */,
				F82075DF21DFDEAD003CE22B /* Main.storyboard in Resources */,
			);
			runOnlyForDeploymentPostprocessing = 0;
		};
		F855B90D205D0E1A0014936C /* Resources */ = {
			isa = PBXResourcesBuildPhase;
			buildActionMask = 2147483647;
			files = (
				F855B91C205D0E1A0014936C /* LaunchScreen.storyboard in Resources */,
				F855B919205D0E1A0014936C /* Assets.xcassets in Resources */,
				F855B917205D0E1A0014936C /* Main.storyboard in Resources */,
			);
			runOnlyForDeploymentPostprocessing = 0;
		};
/* End PBXResourcesBuildPhase section */

/* Begin PBXShellScriptBuildPhase section */
		1160A5419AE8B4B936032265 /* [CP] Embed Pods Frameworks */ = {
			isa = PBXShellScriptBuildPhase;
			buildActionMask = 2147483647;
			files = (
			);
			inputFileListPaths = (
			);
			inputPaths = (
				"${SRCROOT}/Pods/Target Support Files/Pods-Mac Sample App/Pods-Mac Sample App-frameworks.sh",
				"${BUILT_PRODUCTS_DIR}/RxAtomic-macOS/RxAtomic.framework",
				"${BUILT_PRODUCTS_DIR}/RxSwift-macOS/RxSwift.framework",
				"${BUILT_PRODUCTS_DIR}/RxSSDP-macOS/RxSSDP.framework",
			);
			name = "[CP] Embed Pods Frameworks";
			outputFileListPaths = (
			);
			outputPaths = (
				"${TARGET_BUILD_DIR}/${FRAMEWORKS_FOLDER_PATH}/RxAtomic.framework",
				"${TARGET_BUILD_DIR}/${FRAMEWORKS_FOLDER_PATH}/RxSwift.framework",
				"${TARGET_BUILD_DIR}/${FRAMEWORKS_FOLDER_PATH}/RxSSDP.framework",
			);
			runOnlyForDeploymentPostprocessing = 0;
			shellPath = /bin/sh;
			shellScript = "\"${SRCROOT}/Pods/Target Support Files/Pods-Mac Sample App/Pods-Mac Sample App-frameworks.sh\"\n";
			showEnvVarsInLog = 0;
		};
		4AEAF9E50E5023828A21B480 /* [CP] Embed Pods Frameworks */ = {
			isa = PBXShellScriptBuildPhase;
			buildActionMask = 2147483647;
			files = (
			);
			inputPaths = (
				"${SRCROOT}/Pods/Target Support Files/Pods-iOS Sample App/Pods-iOS Sample App-frameworks.sh",
				"${BUILT_PRODUCTS_DIR}/RxAtomic-iOS/RxAtomic.framework",
				"${BUILT_PRODUCTS_DIR}/RxSwift-iOS/RxSwift.framework",
				"${BUILT_PRODUCTS_DIR}/RxSSDP-iOS/RxSSDP.framework",
			);
			name = "[CP] Embed Pods Frameworks";
			outputPaths = (
				"${TARGET_BUILD_DIR}/${FRAMEWORKS_FOLDER_PATH}/RxAtomic.framework",
				"${TARGET_BUILD_DIR}/${FRAMEWORKS_FOLDER_PATH}/RxSwift.framework",
				"${TARGET_BUILD_DIR}/${FRAMEWORKS_FOLDER_PATH}/RxSSDP.framework",
			);
			runOnlyForDeploymentPostprocessing = 0;
			shellPath = /bin/sh;
			shellScript = "\"${SRCROOT}/Pods/Target Support Files/Pods-iOS Sample App/Pods-iOS Sample App-frameworks.sh\"\n";
			showEnvVarsInLog = 0;
		};
		5B826939FECB8AD692F0DB68 /* [CP] Check Pods Manifest.lock */ = {
			isa = PBXShellScriptBuildPhase;
			buildActionMask = 2147483647;
			files = (
			);
			inputPaths = (
				"${PODS_PODFILE_DIR_PATH}/Podfile.lock",
				"${PODS_ROOT}/Manifest.lock",
			);
			name = "[CP] Check Pods Manifest.lock";
			outputPaths = (
				"$(DERIVED_FILE_DIR)/Pods-iOS Sample App-checkManifestLockResult.txt",
			);
			runOnlyForDeploymentPostprocessing = 0;
			shellPath = /bin/sh;
			shellScript = "diff \"${PODS_PODFILE_DIR_PATH}/Podfile.lock\" \"${PODS_ROOT}/Manifest.lock\" > /dev/null\nif [ $? != 0 ] ; then\n    # print error to STDERR\n    echo \"error: The sandbox is not in sync with the Podfile.lock. Run 'pod install' or update your CocoaPods installation.\" >&2\n    exit 1\nfi\n# This output is used by Xcode 'outputs' to avoid re-running this script phase.\necho \"SUCCESS\" > \"${SCRIPT_OUTPUT_FILE_0}\"\n";
			showEnvVarsInLog = 0;
		};
		6BDE2B5850501EF790CC89A3 /* [CP] Check Pods Manifest.lock */ = {
			isa = PBXShellScriptBuildPhase;
			buildActionMask = 2147483647;
			files = (
			);
			inputFileListPaths = (
			);
			inputPaths = (
				"${PODS_PODFILE_DIR_PATH}/Podfile.lock",
				"${PODS_ROOT}/Manifest.lock",
			);
			name = "[CP] Check Pods Manifest.lock";
			outputFileListPaths = (
			);
			outputPaths = (
				"$(DERIVED_FILE_DIR)/Pods-TV Sample App-checkManifestLockResult.txt",
			);
			runOnlyForDeploymentPostprocessing = 0;
			shellPath = /bin/sh;
			shellScript = "diff \"${PODS_PODFILE_DIR_PATH}/Podfile.lock\" \"${PODS_ROOT}/Manifest.lock\" > /dev/null\nif [ $? != 0 ] ; then\n    # print error to STDERR\n    echo \"error: The sandbox is not in sync with the Podfile.lock. Run 'pod install' or update your CocoaPods installation.\" >&2\n    exit 1\nfi\n# This output is used by Xcode 'outputs' to avoid re-running this script phase.\necho \"SUCCESS\" > \"${SCRIPT_OUTPUT_FILE_0}\"\n";
			showEnvVarsInLog = 0;
		};
		C22FFBF427B3298D6256C81A /* [CP] Check Pods Manifest.lock */ = {
			isa = PBXShellScriptBuildPhase;
			buildActionMask = 2147483647;
			files = (
			);
			inputPaths = (
				"${PODS_PODFILE_DIR_PATH}/Podfile.lock",
				"${PODS_ROOT}/Manifest.lock",
			);
			name = "[CP] Check Pods Manifest.lock";
			outputPaths = (
				"$(DERIVED_FILE_DIR)/Pods-RxSSDP-checkManifestLockResult.txt",
			);
			runOnlyForDeploymentPostprocessing = 0;
			shellPath = /bin/sh;
			shellScript = "diff \"${PODS_PODFILE_DIR_PATH}/Podfile.lock\" \"${PODS_ROOT}/Manifest.lock\" > /dev/null\nif [ $? != 0 ] ; then\n    # print error to STDERR\n    echo \"error: The sandbox is not in sync with the Podfile.lock. Run 'pod install' or update your CocoaPods installation.\" >&2\n    exit 1\nfi\n# This output is used by Xcode 'outputs' to avoid re-running this script phase.\necho \"SUCCESS\" > \"${SCRIPT_OUTPUT_FILE_0}\"\n";
			showEnvVarsInLog = 0;
		};
		C8F8E905F0458C805F39EF27 /* [CP] Check Pods Manifest.lock */ = {
			isa = PBXShellScriptBuildPhase;
			buildActionMask = 2147483647;
			files = (
			);
			inputFileListPaths = (
			);
			inputPaths = (
				"${PODS_PODFILE_DIR_PATH}/Podfile.lock",
				"${PODS_ROOT}/Manifest.lock",
			);
			name = "[CP] Check Pods Manifest.lock";
			outputFileListPaths = (
			);
			outputPaths = (
				"$(DERIVED_FILE_DIR)/Pods-Mac Sample App-checkManifestLockResult.txt",
			);
			runOnlyForDeploymentPostprocessing = 0;
			shellPath = /bin/sh;
			shellScript = "diff \"${PODS_PODFILE_DIR_PATH}/Podfile.lock\" \"${PODS_ROOT}/Manifest.lock\" > /dev/null\nif [ $? != 0 ] ; then\n    # print error to STDERR\n    echo \"error: The sandbox is not in sync with the Podfile.lock. Run 'pod install' or update your CocoaPods installation.\" >&2\n    exit 1\nfi\n# This output is used by Xcode 'outputs' to avoid re-running this script phase.\necho \"SUCCESS\" > \"${SCRIPT_OUTPUT_FILE_0}\"\n";
			showEnvVarsInLog = 0;
		};
		CF33CEA7F7875490824FB95D /* [CP] Embed Pods Frameworks */ = {
			isa = PBXShellScriptBuildPhase;
			buildActionMask = 2147483647;
			files = (
			);
			inputFileListPaths = (
			);
			inputPaths = (
				"${SRCROOT}/Pods/Target Support Files/Pods-TV Sample App/Pods-TV Sample App-frameworks.sh",
				"${BUILT_PRODUCTS_DIR}/RxAtomic-tvOS/RxAtomic.framework",
				"${BUILT_PRODUCTS_DIR}/RxSwift-tvOS/RxSwift.framework",
				"${BUILT_PRODUCTS_DIR}/RxSSDP-tvOS/RxSSDP.framework",
			);
			name = "[CP] Embed Pods Frameworks";
			outputFileListPaths = (
			);
			outputPaths = (
				"${TARGET_BUILD_DIR}/${FRAMEWORKS_FOLDER_PATH}/RxAtomic.framework",
				"${TARGET_BUILD_DIR}/${FRAMEWORKS_FOLDER_PATH}/RxSwift.framework",
				"${TARGET_BUILD_DIR}/${FRAMEWORKS_FOLDER_PATH}/RxSSDP.framework",
			);
			runOnlyForDeploymentPostprocessing = 0;
			shellPath = /bin/sh;
			shellScript = "\"${SRCROOT}/Pods/Target Support Files/Pods-TV Sample App/Pods-TV Sample App-frameworks.sh\"\n";
			showEnvVarsInLog = 0;
		};
		F808EEFF21DCA29B00382380 /* Swiftlint */ = {
			isa = PBXShellScriptBuildPhase;
			buildActionMask = 2147483647;
			files = (
			);
			inputFileListPaths = (
			);
			inputPaths = (
			);
			name = Swiftlint;
			outputFileListPaths = (
			);
			outputPaths = (
			);
			runOnlyForDeploymentPostprocessing = 0;
			shellPath = /bin/sh;
			shellScript = "if which ${PODS_ROOT}/SwiftLint/swiftlint >/dev/null; then\n${PODS_ROOT}/SwiftLint/swiftlint\nelse\necho \"warning: SwiftLint not installed, download from https://github.com/realm/SwiftLint\"\nfi\n";
		};
/* End PBXShellScriptBuildPhase section */

/* Begin PBXSourcesBuildPhase section */
		F8122C85205D976300FE588A /* Sources */ = {
			isa = PBXSourcesBuildPhase;
			buildActionMask = 2147483647;
			files = (
				F8B0D8B12083A5210072BAE0 /* SSDPSettings.swift in Sources */,
				F8122CB4205D988700FE588A /* RxSSDPClient.swift in Sources */,
				F8830F4620D79734002FC8B8 /* SSDPResponse.swift in Sources */,
				F8122CAC205D988700FE588A /* SSDPRepository.swift in Sources */,
				F8830F4820D79734002FC8B8 /* SSDPMessageParser.swift in Sources */,
				F8830F4720D79734002FC8B8 /* UDPBroadcastConnection.swift in Sources */,
				F8122CAE205D988700FE588A /* SSDPRepositoryImpl.swift in Sources */,
			);
			runOnlyForDeploymentPostprocessing = 0;
		};
		F82075BE21DFD6BC003CE22B /* Sources */ = {
			isa = PBXSourcesBuildPhase;
			buildActionMask = 2147483647;
			files = (
				F82075C721DFD6BC003CE22B /* ViewController.swift in Sources */,
				F82075C521DFD6BC003CE22B /* AppDelegate.swift in Sources */,
			);
			runOnlyForDeploymentPostprocessing = 0;
		};
		F82075D321DFDEAD003CE22B /* Sources */ = {
			isa = PBXSourcesBuildPhase;
			buildActionMask = 2147483647;
			files = (
				F82075DC21DFDEAD003CE22B /* ViewController.swift in Sources */,
				F82075DA21DFDEAD003CE22B /* AppDelegate.swift in Sources */,
			);
			runOnlyForDeploymentPostprocessing = 0;
		};
		F855B90B205D0E1A0014936C /* Sources */ = {
			isa = PBXSourcesBuildPhase;
			buildActionMask = 2147483647;
			files = (
				F855B914205D0E1A0014936C /* ViewController.swift in Sources */,
				F855B912205D0E1A0014936C /* AppDelegate.swift in Sources */,
			);
			runOnlyForDeploymentPostprocessing = 0;
		};
/* End PBXSourcesBuildPhase section */

/* Begin PBXVariantGroup section */
		F82075CA21DFD6BD003CE22B /* Main.storyboard */ = {
			isa = PBXVariantGroup;
			children = (
				F82075CB21DFD6BD003CE22B /* Base */,
			);
			name = Main.storyboard;
			sourceTree = "<group>";
		};
		F82075DD21DFDEAD003CE22B /* Main.storyboard */ = {
			isa = PBXVariantGroup;
			children = (
				F82075DE21DFDEAD003CE22B /* Base */,
			);
			name = Main.storyboard;
			sourceTree = "<group>";
		};
		F855B915205D0E1A0014936C /* Main.storyboard */ = {
			isa = PBXVariantGroup;
			children = (
				F855B916205D0E1A0014936C /* Base */,
			);
			name = Main.storyboard;
			sourceTree = "<group>";
		};
		F855B91A205D0E1A0014936C /* LaunchScreen.storyboard */ = {
			isa = PBXVariantGroup;
			children = (
				F855B91B205D0E1A0014936C /* Base */,
			);
			name = LaunchScreen.storyboard;
			sourceTree = "<group>";
		};
/* End PBXVariantGroup section */

/* Begin XCBuildConfiguration section */
		F8122C94205D976300FE588A /* Debug */ = {
			isa = XCBuildConfiguration;
			baseConfigurationReference = D5AB1D5473D1382A63A109B6 /* Pods-RxSSDP.debug.xcconfig */;
			buildSettings = {
				CLANG_ENABLE_MODULES = YES;
				CODE_SIGN_IDENTITY = "";
				CODE_SIGN_STYLE = Automatic;
				CURRENT_PROJECT_VERSION = 1;
				DEFINES_MODULE = YES;
				DYLIB_COMPATIBILITY_VERSION = 1;
				DYLIB_CURRENT_VERSION = 1;
				DYLIB_INSTALL_NAME_BASE = "@rpath";
				INFOPLIST_FILE = RxSSDP/Info.plist;
				INSTALL_PATH = "$(LOCAL_LIBRARY_DIR)/Frameworks";
				LD_RUNPATH_SEARCH_PATHS = "$(inherited) @executable_path/Frameworks @loader_path/Frameworks";
				PRODUCT_BUNDLE_IDENTIFIER = com.uberweb.RxSSDP;
				PRODUCT_NAME = "$(TARGET_NAME:c99extidentifier)";
				SDKROOT = iphoneos;
				SKIP_INSTALL = YES;
				SWIFT_OPTIMIZATION_LEVEL = "-Onone";
				VERSIONING_SYSTEM = "apple-generic";
				VERSION_INFO_PREFIX = "";
			};
			name = Debug;
		};
		F8122C95205D976300FE588A /* Release */ = {
			isa = XCBuildConfiguration;
			baseConfigurationReference = 6C1C2CC9A802930718FB0643 /* Pods-RxSSDP.release.xcconfig */;
			buildSettings = {
				CLANG_ENABLE_MODULES = YES;
				CODE_SIGN_IDENTITY = "";
				CODE_SIGN_STYLE = Automatic;
				CURRENT_PROJECT_VERSION = 1;
				DEFINES_MODULE = YES;
				DYLIB_COMPATIBILITY_VERSION = 1;
				DYLIB_CURRENT_VERSION = 1;
				DYLIB_INSTALL_NAME_BASE = "@rpath";
				INFOPLIST_FILE = RxSSDP/Info.plist;
				INSTALL_PATH = "$(LOCAL_LIBRARY_DIR)/Frameworks";
				LD_RUNPATH_SEARCH_PATHS = "$(inherited) @executable_path/Frameworks @loader_path/Frameworks";
				PRODUCT_BUNDLE_IDENTIFIER = com.uberweb.RxSSDP;
				PRODUCT_NAME = "$(TARGET_NAME:c99extidentifier)";
				SDKROOT = iphoneos;
				SKIP_INSTALL = YES;
				VERSIONING_SYSTEM = "apple-generic";
				VERSION_INFO_PREFIX = "";
			};
			name = Release;
		};
		F82075CF21DFD6BD003CE22B /* Debug */ = {
			isa = XCBuildConfiguration;
			baseConfigurationReference = F293656C8F76DB63C2F59351 /* Pods-Mac Sample App.debug.xcconfig */;
			buildSettings = {
				ASSETCATALOG_COMPILER_APPICON_NAME = AppIcon;
				CLANG_ENABLE_OBJC_WEAK = YES;
				CODE_SIGN_ENTITLEMENTS = "Demo App/Mac/Mac_Demo_App.entitlements";
				CODE_SIGN_IDENTITY = "-";
				CODE_SIGN_STYLE = Automatic;
				COMBINE_HIDPI_IMAGES = YES;
				INFOPLIST_FILE = "Demo App/Mac/Info.plist";
				LD_RUNPATH_SEARCH_PATHS = "$(inherited) @executable_path/../Frameworks";
				MACOSX_DEPLOYMENT_TARGET = 10.14;
				MTL_ENABLE_DEBUG_INFO = INCLUDE_SOURCE;
				MTL_FAST_MATH = YES;
				PRODUCT_BUNDLE_IDENTIFIER = "com.uberweb.Mac-Demo-App";
				PRODUCT_NAME = "$(TARGET_NAME)";
				SDKROOT = macosx;
				SWIFT_VERSION = 4.2;
			};
			name = Debug;
		};
		F82075D021DFD6BD003CE22B /* Release */ = {
			isa = XCBuildConfiguration;
			baseConfigurationReference = 2C9DE0A276CCCB0335755AF3 /* Pods-Mac Sample App.release.xcconfig */;
			buildSettings = {
				ASSETCATALOG_COMPILER_APPICON_NAME = AppIcon;
				CLANG_ENABLE_OBJC_WEAK = YES;
				CODE_SIGN_ENTITLEMENTS = "Demo App/Mac/Mac_Demo_App.entitlements";
				CODE_SIGN_IDENTITY = "-";
				CODE_SIGN_STYLE = Automatic;
				COMBINE_HIDPI_IMAGES = YES;
				INFOPLIST_FILE = "Demo App/Mac/Info.plist";
				LD_RUNPATH_SEARCH_PATHS = "$(inherited) @executable_path/../Frameworks";
				MACOSX_DEPLOYMENT_TARGET = 10.14;
				MTL_FAST_MATH = YES;
				PRODUCT_BUNDLE_IDENTIFIER = "com.uberweb.Mac-Demo-App";
				PRODUCT_NAME = "$(TARGET_NAME)";
				SDKROOT = macosx;
				SWIFT_VERSION = 4.2;
			};
			name = Release;
		};
		F82075E421DFDEAE003CE22B /* Debug */ = {
			isa = XCBuildConfiguration;
			baseConfigurationReference = 7BE064C00E8C1970AC69A534 /* Pods-TV Sample App.debug.xcconfig */;
			buildSettings = {
				ASSETCATALOG_COMPILER_APPICON_NAME = "App Icon & Top Shelf Image";
				ASSETCATALOG_COMPILER_LAUNCHIMAGE_NAME = LaunchImage;
				CLANG_ENABLE_OBJC_WEAK = YES;
				CODE_SIGN_STYLE = Automatic;
				INFOPLIST_FILE = "Demo App/TV/Info.plist";
				LD_RUNPATH_SEARCH_PATHS = "$(inherited) @executable_path/Frameworks";
				MTL_ENABLE_DEBUG_INFO = INCLUDE_SOURCE;
				MTL_FAST_MATH = YES;
				PRODUCT_BUNDLE_IDENTIFIER = "com.uberweb.TV-Sample-App";
				PRODUCT_NAME = "$(TARGET_NAME)";
				SDKROOT = appletvos;
				SWIFT_VERSION = 4.2;
				TARGETED_DEVICE_FAMILY = 3;
				TVOS_DEPLOYMENT_TARGET = 12.0;
			};
			name = Debug;
		};
		F82075E521DFDEAE003CE22B /* Release */ = {
			isa = XCBuildConfiguration;
			baseConfigurationReference = 58FDC5059E16F47FA05E7D1D /* Pods-TV Sample App.release.xcconfig */;
			buildSettings = {
				ASSETCATALOG_COMPILER_APPICON_NAME = "App Icon & Top Shelf Image";
				ASSETCATALOG_COMPILER_LAUNCHIMAGE_NAME = LaunchImage;
				CLANG_ENABLE_OBJC_WEAK = YES;
				CODE_SIGN_STYLE = Automatic;
				INFOPLIST_FILE = "Demo App/TV/Info.plist";
				LD_RUNPATH_SEARCH_PATHS = "$(inherited) @executable_path/Frameworks";
				MTL_FAST_MATH = YES;
				PRODUCT_BUNDLE_IDENTIFIER = "com.uberweb.TV-Sample-App";
				PRODUCT_NAME = "$(TARGET_NAME)";
				SDKROOT = appletvos;
				SWIFT_VERSION = 4.2;
				TARGETED_DEVICE_FAMILY = 3;
				TVOS_DEPLOYMENT_TARGET = 12.0;
			};
			name = Release;
		};
		F855B91F205D0E1A0014936C /* Debug */ = {
			isa = XCBuildConfiguration;
			baseConfigurationReference = EAECDF3D4AC8F256B475824D /* Pods-iOS Sample App.debug.xcconfig */;
			buildSettings = {
				ASSETCATALOG_COMPILER_APPICON_NAME = AppIcon;
				CODE_SIGN_IDENTITY = "iPhone Developer";
				CODE_SIGN_STYLE = Automatic;
				INFOPLIST_FILE = "Demo App/iOS/Info.plist";
				LD_RUNPATH_SEARCH_PATHS = "$(inherited) @executable_path/Frameworks";
				PRODUCT_BUNDLE_IDENTIFIER = "com.uberweb.Sample-App";
				PRODUCT_NAME = "$(TARGET_NAME)";
				SDKROOT = iphoneos;
			};
			name = Debug;
		};
		F855B920205D0E1A0014936C /* Release */ = {
			isa = XCBuildConfiguration;
			baseConfigurationReference = 5B7DBAD14841B8139F3E6CDD /* Pods-iOS Sample App.release.xcconfig */;
			buildSettings = {
				ASSETCATALOG_COMPILER_APPICON_NAME = AppIcon;
				CODE_SIGN_IDENTITY = "iPhone Developer";
				CODE_SIGN_STYLE = Automatic;
				INFOPLIST_FILE = "Demo App/iOS/Info.plist";
				LD_RUNPATH_SEARCH_PATHS = "$(inherited) @executable_path/Frameworks";
				PRODUCT_BUNDLE_IDENTIFIER = "com.uberweb.Sample-App";
				PRODUCT_NAME = "$(TARGET_NAME)";
				SDKROOT = iphoneos;
			};
			name = Release;
		};
		F8F5618A205D0C8E00E28533 /* Debug */ = {
			isa = XCBuildConfiguration;
			buildSettings = {
				ALWAYS_SEARCH_USER_PATHS = NO;
				CLANG_ANALYZER_NONNULL = YES;
				CLANG_ANALYZER_NUMBER_OBJECT_CONVERSION = YES_AGGRESSIVE;
				CLANG_CXX_LANGUAGE_STANDARD = "gnu++14";
				CLANG_CXX_LIBRARY = "libc++";
				CLANG_ENABLE_MODULES = YES;
				CLANG_ENABLE_OBJC_ARC = YES;
				CLANG_WARN_BLOCK_CAPTURE_AUTORELEASING = YES;
				CLANG_WARN_BOOL_CONVERSION = YES;
				CLANG_WARN_COMMA = YES;
				CLANG_WARN_CONSTANT_CONVERSION = YES;
				CLANG_WARN_DEPRECATED_OBJC_IMPLEMENTATIONS = YES;
				CLANG_WARN_DIRECT_OBJC_ISA_USAGE = YES_ERROR;
				CLANG_WARN_DOCUMENTATION_COMMENTS = YES;
				CLANG_WARN_EMPTY_BODY = YES;
				CLANG_WARN_ENUM_CONVERSION = YES;
				CLANG_WARN_INFINITE_RECURSION = YES;
				CLANG_WARN_INT_CONVERSION = YES;
				CLANG_WARN_NON_LITERAL_NULL_CONVERSION = YES;
				CLANG_WARN_OBJC_IMPLICIT_RETAIN_SELF = YES;
				CLANG_WARN_OBJC_LITERAL_CONVERSION = YES;
				CLANG_WARN_OBJC_ROOT_CLASS = YES_ERROR;
				CLANG_WARN_RANGE_LOOP_ANALYSIS = YES;
				CLANG_WARN_STRICT_PROTOTYPES = YES;
				CLANG_WARN_SUSPICIOUS_MOVE = YES;
				CLANG_WARN_UNGUARDED_AVAILABILITY = YES_AGGRESSIVE;
				CLANG_WARN_UNREACHABLE_CODE = YES;
				CLANG_WARN__DUPLICATE_METHOD_MATCH = YES;
				COPY_PHASE_STRIP = NO;
				DEBUG_INFORMATION_FORMAT = dwarf;
				ENABLE_STRICT_OBJC_MSGSEND = YES;
				ENABLE_TESTABILITY = YES;
				EXPANDED_CODE_SIGN_IDENTITY = "-";
				EXPANDED_CODE_SIGN_IDENTITY_NAME = "-";
				GCC_C_LANGUAGE_STANDARD = gnu11;
				GCC_DYNAMIC_NO_PIC = NO;
				GCC_NO_COMMON_BLOCKS = YES;
				GCC_OPTIMIZATION_LEVEL = 0;
				GCC_PREPROCESSOR_DEFINITIONS = (
					"DEBUG=1",
					"$(inherited)",
				);
				GCC_WARN_64_TO_32_BIT_CONVERSION = YES;
				GCC_WARN_ABOUT_RETURN_TYPE = YES_ERROR;
				GCC_WARN_UNDECLARED_SELECTOR = YES;
				GCC_WARN_UNINITIALIZED_AUTOS = YES_AGGRESSIVE;
				GCC_WARN_UNUSED_FUNCTION = YES;
				GCC_WARN_UNUSED_VARIABLE = YES;
				IPHONEOS_DEPLOYMENT_TARGET = 10.0;
				MTL_ENABLE_DEBUG_INFO = YES;
				ONLY_ACTIVE_ARCH = YES;
				SDKROOT = iphoneos;
				SWIFT_ACTIVE_COMPILATION_CONDITIONS = DEBUG;
				SWIFT_OPTIMIZATION_LEVEL = "-Onone";
				SWIFT_VERSION = 4.2;
				TARGETED_DEVICE_FAMILY = "1,2";
			};
			name = Debug;
		};
		F8F5618B205D0C8E00E28533 /* Release */ = {
			isa = XCBuildConfiguration;
			buildSettings = {
				ALWAYS_SEARCH_USER_PATHS = NO;
				CLANG_ANALYZER_NONNULL = YES;
				CLANG_ANALYZER_NUMBER_OBJECT_CONVERSION = YES_AGGRESSIVE;
				CLANG_CXX_LANGUAGE_STANDARD = "gnu++14";
				CLANG_CXX_LIBRARY = "libc++";
				CLANG_ENABLE_MODULES = YES;
				CLANG_ENABLE_OBJC_ARC = YES;
				CLANG_WARN_BLOCK_CAPTURE_AUTORELEASING = YES;
				CLANG_WARN_BOOL_CONVERSION = YES;
				CLANG_WARN_COMMA = YES;
				CLANG_WARN_CONSTANT_CONVERSION = YES;
				CLANG_WARN_DEPRECATED_OBJC_IMPLEMENTATIONS = YES;
				CLANG_WARN_DIRECT_OBJC_ISA_USAGE = YES_ERROR;
				CLANG_WARN_DOCUMENTATION_COMMENTS = YES;
				CLANG_WARN_EMPTY_BODY = YES;
				CLANG_WARN_ENUM_CONVERSION = YES;
				CLANG_WARN_INFINITE_RECURSION = YES;
				CLANG_WARN_INT_CONVERSION = YES;
				CLANG_WARN_NON_LITERAL_NULL_CONVERSION = YES;
				CLANG_WARN_OBJC_IMPLICIT_RETAIN_SELF = YES;
				CLANG_WARN_OBJC_LITERAL_CONVERSION = YES;
				CLANG_WARN_OBJC_ROOT_CLASS = YES_ERROR;
				CLANG_WARN_RANGE_LOOP_ANALYSIS = YES;
				CLANG_WARN_STRICT_PROTOTYPES = YES;
				CLANG_WARN_SUSPICIOUS_MOVE = YES;
				CLANG_WARN_UNGUARDED_AVAILABILITY = YES_AGGRESSIVE;
				CLANG_WARN_UNREACHABLE_CODE = YES;
				CLANG_WARN__DUPLICATE_METHOD_MATCH = YES;
				COPY_PHASE_STRIP = NO;
				DEBUG_INFORMATION_FORMAT = "dwarf-with-dsym";
				ENABLE_NS_ASSERTIONS = NO;
				ENABLE_STRICT_OBJC_MSGSEND = YES;
				EXPANDED_CODE_SIGN_IDENTITY = "-";
				EXPANDED_CODE_SIGN_IDENTITY_NAME = "-";
				GCC_C_LANGUAGE_STANDARD = gnu11;
				GCC_NO_COMMON_BLOCKS = YES;
				GCC_WARN_64_TO_32_BIT_CONVERSION = YES;
				GCC_WARN_ABOUT_RETURN_TYPE = YES_ERROR;
				GCC_WARN_UNDECLARED_SELECTOR = YES;
				GCC_WARN_UNINITIALIZED_AUTOS = YES_AGGRESSIVE;
				GCC_WARN_UNUSED_FUNCTION = YES;
				GCC_WARN_UNUSED_VARIABLE = YES;
				IPHONEOS_DEPLOYMENT_TARGET = 10.0;
				MTL_ENABLE_DEBUG_INFO = NO;
				SDKROOT = iphoneos;
				SWIFT_OPTIMIZATION_LEVEL = "-Owholemodule";
				SWIFT_VERSION = 4.2;
				TARGETED_DEVICE_FAMILY = "1,2";
				VALIDATE_PRODUCT = YES;
			};
			name = Release;
		};
/* End XCBuildConfiguration section */

/* Begin XCConfigurationList section */
		F8122C93205D976300FE588A /* Build configuration list for PBXNativeTarget "RxSSDP" */ = {
			isa = XCConfigurationList;
			buildConfigurations = (
				F8122C94205D976300FE588A /* Debug */,
				F8122C95205D976300FE588A /* Release */,
			);
			defaultConfigurationIsVisible = 0;
			defaultConfigurationName = Release;
		};
		F82075D121DFD6BD003CE22B /* Build configuration list for PBXNativeTarget "Mac Sample App" */ = {
			isa = XCConfigurationList;
			buildConfigurations = (
				F82075CF21DFD6BD003CE22B /* Debug */,
				F82075D021DFD6BD003CE22B /* Release */,
			);
			defaultConfigurationIsVisible = 0;
			defaultConfigurationName = Release;
		};
		F82075E321DFDEAE003CE22B /* Build configuration list for PBXNativeTarget "TV Sample App" */ = {
			isa = XCConfigurationList;
			buildConfigurations = (
				F82075E421DFDEAE003CE22B /* Debug */,
				F82075E521DFDEAE003CE22B /* Release */,
			);
			defaultConfigurationIsVisible = 0;
			defaultConfigurationName = Release;
		};
		F855B91E205D0E1A0014936C /* Build configuration list for PBXNativeTarget "iOS Sample App" */ = {
			isa = XCConfigurationList;
			buildConfigurations = (
				F855B91F205D0E1A0014936C /* Debug */,
				F855B920205D0E1A0014936C /* Release */,
			);
			defaultConfigurationIsVisible = 0;
			defaultConfigurationName = Release;
		};
		F8F56178205D0C8E00E28533 /* Build configuration list for PBXProject "RxSSDP" */ = {
			isa = XCConfigurationList;
			buildConfigurations = (
				F8F5618A205D0C8E00E28533 /* Debug */,
				F8F5618B205D0C8E00E28533 /* Release */,
			);
			defaultConfigurationIsVisible = 0;
			defaultConfigurationName = Release;
		};
/* End XCConfigurationList section */
	};
	rootObject = F8F56175205D0C8E00E28533 /* Project object */;
}
