// !$*UTF8*$!
{
	archiveVersion = 1;
	classes = {
	};
	objectVersion = 48;
	objects = {

/* Begin PBXBuildFile section */
		5C84CA8B9681CDD79B28B21A /* Pods_Sample_App.framework in Frameworks */ = {isa = PBXBuildFile; fileRef = C4EC586D0A26AA153523AEC3 /* Pods_Sample_App.framework */; };
		F855B912205D0E1A0014936C /* AppDelegate.swift in Sources */ = {isa = PBXBuildFile; fileRef = F855B911205D0E1A0014936C /* AppDelegate.swift */; };
		F855B914205D0E1A0014936C /* ViewController.swift in Sources */ = {isa = PBXBuildFile; fileRef = F855B913205D0E1A0014936C /* ViewController.swift */; };
		F855B917205D0E1A0014936C /* Main.storyboard in Resources */ = {isa = PBXBuildFile; fileRef = F855B915205D0E1A0014936C /* Main.storyboard */; };
		F855B919205D0E1A0014936C /* Assets.xcassets in Resources */ = {isa = PBXBuildFile; fileRef = F855B918205D0E1A0014936C /* Assets.xcassets */; };
		F855B91C205D0E1A0014936C /* LaunchScreen.storyboard in Resources */ = {isa = PBXBuildFile; fileRef = F855B91A205D0E1A0014936C /* LaunchScreen.storyboard */; };
		F855B927205D0F340014936C /* SSDPMessageParser.swift in Sources */ = {isa = PBXBuildFile; fileRef = F855B923205D0F340014936C /* SSDPMessageParser.swift */; };
		F855B928205D0F340014936C /* SSDPRequest.swift in Sources */ = {isa = PBXBuildFile; fileRef = F855B924205D0F340014936C /* SSDPRequest.swift */; };
		F855B929205D0F340014936C /* SSDPClient.swift in Sources */ = {isa = PBXBuildFile; fileRef = F855B925205D0F340014936C /* SSDPClient.swift */; };
		F855B92A205D0F340014936C /* SSDPResponse.swift in Sources */ = {isa = PBXBuildFile; fileRef = F855B926205D0F340014936C /* SSDPResponse.swift */; };
		F855B92F205D109A0014936C /* RxGCDAsyncUdpSocketDelegateProxy.swift in Sources */ = {isa = PBXBuildFile; fileRef = F855B92D205D109A0014936C /* RxGCDAsyncUdpSocketDelegateProxy.swift */; };
		F855B930205D109A0014936C /* RxSSDPClient.swift in Sources */ = {isa = PBXBuildFile; fileRef = F855B92E205D109A0014936C /* RxSSDPClient.swift */; };
		F855B932205D13E60014936C /* SSDPRepository.swift in Sources */ = {isa = PBXBuildFile; fileRef = F855B931205D13E60014936C /* SSDPRepository.swift */; };
		F855B934205D13F20014936C /* SSDPRepositoryImpl.swift in Sources */ = {isa = PBXBuildFile; fileRef = F855B933205D13F20014936C /* SSDPRepositoryImpl.swift */; };
		F8788155205D1BDF000509AA /* SSDPResponse+Equatable.swift in Sources */ = {isa = PBXBuildFile; fileRef = F8788154205D1BDF000509AA /* SSDPResponse+Equatable.swift */; };
		F8788157205D1C02000509AA /* SSDPRequest+ComplexInit.swift in Sources */ = {isa = PBXBuildFile; fileRef = F8788156205D1C02000509AA /* SSDPRequest+ComplexInit.swift */; };
/* End PBXBuildFile section */

/* Begin PBXFileReference section */
		1E80694FEF8C525CF96B3C14 /* Pods-Sample App.release.xcconfig */ = {isa = PBXFileReference; includeInIndex = 1; lastKnownFileType = text.xcconfig; name = "Pods-Sample App.release.xcconfig"; path = "Pods/Target Support Files/Pods-Sample App/Pods-Sample App.release.xcconfig"; sourceTree = "<group>"; };
		367902C8D00D3AFA2F49BFA3 /* Pods-Sample App.debug.xcconfig */ = {isa = PBXFileReference; includeInIndex = 1; lastKnownFileType = text.xcconfig; name = "Pods-Sample App.debug.xcconfig"; path = "Pods/Target Support Files/Pods-Sample App/Pods-Sample App.debug.xcconfig"; sourceTree = "<group>"; };
		C4EC586D0A26AA153523AEC3 /* Pods_Sample_App.framework */ = {isa = PBXFileReference; explicitFileType = wrapper.framework; includeInIndex = 0; path = Pods_Sample_App.framework; sourceTree = BUILT_PRODUCTS_DIR; };
		F855B90F205D0E1A0014936C /* Sample App.app */ = {isa = PBXFileReference; explicitFileType = wrapper.application; includeInIndex = 0; path = "Sample App.app"; sourceTree = BUILT_PRODUCTS_DIR; };
		F855B911205D0E1A0014936C /* AppDelegate.swift */ = {isa = PBXFileReference; lastKnownFileType = sourcecode.swift; path = AppDelegate.swift; sourceTree = "<group>"; };
		F855B913205D0E1A0014936C /* ViewController.swift */ = {isa = PBXFileReference; lastKnownFileType = sourcecode.swift; path = ViewController.swift; sourceTree = "<group>"; };
		F855B916205D0E1A0014936C /* Base */ = {isa = PBXFileReference; lastKnownFileType = file.storyboard; name = Base; path = Base.lproj/Main.storyboard; sourceTree = "<group>"; };
		F855B918205D0E1A0014936C /* Assets.xcassets */ = {isa = PBXFileReference; lastKnownFileType = folder.assetcatalog; path = Assets.xcassets; sourceTree = "<group>"; };
		F855B91B205D0E1A0014936C /* Base */ = {isa = PBXFileReference; lastKnownFileType = file.storyboard; name = Base; path = Base.lproj/LaunchScreen.storyboard; sourceTree = "<group>"; };
		F855B91D205D0E1A0014936C /* Info.plist */ = {isa = PBXFileReference; lastKnownFileType = text.plist.xml; path = Info.plist; sourceTree = "<group>"; };
		F855B923205D0F340014936C /* SSDPMessageParser.swift */ = {isa = PBXFileReference; fileEncoding = 4; lastKnownFileType = sourcecode.swift; name = SSDPMessageParser.swift; path = Sources/SwiftSSDPClient/Sources/SSDPMessageParser.swift; sourceTree = SOURCE_ROOT; };
		F855B924205D0F340014936C /* SSDPRequest.swift */ = {isa = PBXFileReference; fileEncoding = 4; lastKnownFileType = sourcecode.swift; name = SSDPRequest.swift; path = Sources/SwiftSSDPClient/Sources/SSDPRequest.swift; sourceTree = SOURCE_ROOT; };
		F855B925205D0F340014936C /* SSDPClient.swift */ = {isa = PBXFileReference; fileEncoding = 4; lastKnownFileType = sourcecode.swift; name = SSDPClient.swift; path = Sources/SwiftSSDPClient/Sources/SSDPClient.swift; sourceTree = SOURCE_ROOT; };
		F855B926205D0F340014936C /* SSDPResponse.swift */ = {isa = PBXFileReference; fileEncoding = 4; lastKnownFileType = sourcecode.swift; name = SSDPResponse.swift; path = Sources/SwiftSSDPClient/Sources/SSDPResponse.swift; sourceTree = SOURCE_ROOT; };
		F855B92D205D109A0014936C /* RxGCDAsyncUdpSocketDelegateProxy.swift */ = {isa = PBXFileReference; fileEncoding = 4; lastKnownFileType = sourcecode.swift; name = RxGCDAsyncUdpSocketDelegateProxy.swift; path = Sources/RxGCDAsyncUdpSocketDelegateProxy.swift; sourceTree = SOURCE_ROOT; };
		F855B92E205D109A0014936C /* RxSSDPClient.swift */ = {isa = PBXFileReference; fileEncoding = 4; lastKnownFileType = sourcecode.swift; name = RxSSDPClient.swift; path = Sources/RxSSDPClient.swift; sourceTree = SOURCE_ROOT; };
		F855B931205D13E60014936C /* SSDPRepository.swift */ = {isa = PBXFileReference; lastKnownFileType = sourcecode.swift; path = SSDPRepository.swift; sourceTree = "<group>"; };
		F855B933205D13F20014936C /* SSDPRepositoryImpl.swift */ = {isa = PBXFileReference; lastKnownFileType = sourcecode.swift; path = SSDPRepositoryImpl.swift; sourceTree = "<group>"; };
		F8788154205D1BDF000509AA /* SSDPResponse+Equatable.swift */ = {isa = PBXFileReference; lastKnownFileType = sourcecode.swift; path = "SSDPResponse+Equatable.swift"; sourceTree = "<group>"; };
		F8788156205D1C02000509AA /* SSDPRequest+ComplexInit.swift */ = {isa = PBXFileReference; lastKnownFileType = sourcecode.swift; path = "SSDPRequest+ComplexInit.swift"; sourceTree = "<group>"; };
/* End PBXFileReference section */

/* Begin PBXFrameworksBuildPhase section */
		F855B90C205D0E1A0014936C /* Frameworks */ = {
			isa = PBXFrameworksBuildPhase;
			buildActionMask = 2147483647;
			files = (
				5C84CA8B9681CDD79B28B21A /* Pods_Sample_App.framework in Frameworks */,
			);
			runOnlyForDeploymentPostprocessing = 0;
		};
/* End PBXFrameworksBuildPhase section */

/* Begin PBXGroup section */
		03FA03B3528D08C375D62514 /* Frameworks */ = {
			isa = PBXGroup;
			children = (
				C4EC586D0A26AA153523AEC3 /* Pods_Sample_App.framework */,
			);
			name = Frameworks;
			sourceTree = "<group>";
		};
		B34B40288BAAA217C8AD7639 /* Pods */ = {
			isa = PBXGroup;
			children = (
				367902C8D00D3AFA2F49BFA3 /* Pods-Sample App.debug.xcconfig */,
				1E80694FEF8C525CF96B3C14 /* Pods-Sample App.release.xcconfig */,
			);
			name = Pods;
			sourceTree = "<group>";
		};
		F855B910205D0E1A0014936C /* Sample App */ = {
			isa = PBXGroup;
			children = (
				F855B911205D0E1A0014936C /* AppDelegate.swift */,
				F855B913205D0E1A0014936C /* ViewController.swift */,
				F855B915205D0E1A0014936C /* Main.storyboard */,
				F855B918205D0E1A0014936C /* Assets.xcassets */,
				F855B91A205D0E1A0014936C /* LaunchScreen.storyboard */,
				F855B91D205D0E1A0014936C /* Info.plist */,
				F855B921205D0F170014936C /* RxSSDP */,
			);
			path = "Sample App";
			sourceTree = "<group>";
		};
		F855B921205D0F170014936C /* RxSSDP */ = {
			isa = PBXGroup;
			children = (
				F855B92D205D109A0014936C /* RxGCDAsyncUdpSocketDelegateProxy.swift */,
				F855B92E205D109A0014936C /* RxSSDPClient.swift */,
				F855B922205D0F2B0014936C /* SwiftSSDPClient */,
				F855B931205D13E60014936C /* SSDPRepository.swift */,
				F855B933205D13F20014936C /* SSDPRepositoryImpl.swift */,
				F8788154205D1BDF000509AA /* SSDPResponse+Equatable.swift */,
				F8788156205D1C02000509AA /* SSDPRequest+ComplexInit.swift */,
			);
			name = RxSSDP;
			path = ../Sources;
			sourceTree = "<group>";
		};
		F855B922205D0F2B0014936C /* SwiftSSDPClient */ = {
			isa = PBXGroup;
			children = (
				F855B925205D0F340014936C /* SSDPClient.swift */,
				F855B923205D0F340014936C /* SSDPMessageParser.swift */,
				F855B924205D0F340014936C /* SSDPRequest.swift */,
				F855B926205D0F340014936C /* SSDPResponse.swift */,
			);
			name = SwiftSSDPClient;
			sourceTree = "<group>";
		};
		F8F56174205D0C8E00E28533 = {
			isa = PBXGroup;
			children = (
				F855B910205D0E1A0014936C /* Sample App */,
				F8F5617E205D0C8E00E28533 /* Products */,
				B34B40288BAAA217C8AD7639 /* Pods */,
				03FA03B3528D08C375D62514 /* Frameworks */,
			);
			sourceTree = "<group>";
		};
		F8F5617E205D0C8E00E28533 /* Products */ = {
			isa = PBXGroup;
			children = (
				F855B90F205D0E1A0014936C /* Sample App.app */,
			);
			name = Products;
			sourceTree = "<group>";
		};
/* End PBXGroup section */

/* Begin PBXNativeTarget section */
		F855B90E205D0E1A0014936C /* Sample App */ = {
			isa = PBXNativeTarget;
			buildConfigurationList = F855B91E205D0E1A0014936C /* Build configuration list for PBXNativeTarget "Sample App" */;
			buildPhases = (
				2E732C6711EBEA12A0161536 /* [CP] Check Pods Manifest.lock */,
				F855B90B205D0E1A0014936C /* Sources */,
				F855B90C205D0E1A0014936C /* Frameworks */,
				F855B90D205D0E1A0014936C /* Resources */,
				23763A2C98C273762493E3EE /* [CP] Embed Pods Frameworks */,
				CD25F0A6EBBB202449F2568C /* [CP] Copy Pods Resources */,
			);
			buildRules = (
			);
			dependencies = (
			);
			name = "Sample App";
			productName = "Sample App";
			productReference = F855B90F205D0E1A0014936C /* Sample App.app */;
			productType = "com.apple.product-type.application";
		};
/* End PBXNativeTarget section */

/* Begin PBXProject section */
		F8F56175205D0C8E00E28533 /* Project object */ = {
			isa = PBXProject;
			attributes = {
				LastSwiftUpdateCheck = 0920;
				LastUpgradeCheck = 0920;
				ORGANIZATIONNAME = Uberweb;
				TargetAttributes = {
					F855B90E205D0E1A0014936C = {
						CreatedOnToolsVersion = 9.2;
						ProvisioningStyle = Automatic;
					};
				};
			};
			buildConfigurationList = F8F56178205D0C8E00E28533 /* Build configuration list for PBXProject "RxSSDP" */;
			compatibilityVersion = "Xcode 8.0";
			developmentRegion = en;
			hasScannedForEncodings = 0;
			knownRegions = (
				en,
				Base,
			);
			mainGroup = F8F56174205D0C8E00E28533;
			productRefGroup = F8F5617E205D0C8E00E28533 /* Products */;
			projectDirPath = "";
			projectRoot = "";
			targets = (
				F855B90E205D0E1A0014936C /* Sample App */,
			);
		};
/* End PBXProject section */

/* Begin PBXResourcesBuildPhase section */
		F855B90D205D0E1A0014936C /* Resources */ = {
			isa = PBXResourcesBuildPhase;
			buildActionMask = 2147483647;
			files = (
				F855B91C205D0E1A0014936C /* LaunchScreen.storyboard in Resources */,
				F855B919205D0E1A0014936C /* Assets.xcassets in Resources */,
				F855B917205D0E1A0014936C /* Main.storyboard in Resources */,
			);
			runOnlyForDeploymentPostprocessing = 0;
		};
/* End PBXResourcesBuildPhase section */

/* Begin PBXShellScriptBuildPhase section */
		23763A2C98C273762493E3EE /* [CP] Embed Pods Frameworks */ = {
			isa = PBXShellScriptBuildPhase;
			buildActionMask = 2147483647;
			files = (
			);
			inputPaths = (
				"${SRCROOT}/Pods/Target Support Files/Pods-Sample App/Pods-Sample App-frameworks.sh",
				"${BUILT_PRODUCTS_DIR}/CocoaAsyncSocket/CocoaAsyncSocket.framework",
				"${BUILT_PRODUCTS_DIR}/RxCocoa/RxCocoa.framework",
				"${BUILT_PRODUCTS_DIR}/RxSwift/RxSwift.framework",
			);
			name = "[CP] Embed Pods Frameworks";
			outputPaths = (
				"${TARGET_BUILD_DIR}/${FRAMEWORKS_FOLDER_PATH}/CocoaAsyncSocket.framework",
				"${TARGET_BUILD_DIR}/${FRAMEWORKS_FOLDER_PATH}/RxCocoa.framework",
				"${TARGET_BUILD_DIR}/${FRAMEWORKS_FOLDER_PATH}/RxSwift.framework",
			);
			runOnlyForDeploymentPostprocessing = 0;
			shellPath = /bin/sh;
			shellScript = "\"${SRCROOT}/Pods/Target Support Files/Pods-Sample App/Pods-Sample App-frameworks.sh\"\n";
			showEnvVarsInLog = 0;
		};
		2E732C6711EBEA12A0161536 /* [CP] Check Pods Manifest.lock */ = {
			isa = PBXShellScriptBuildPhase;
			buildActionMask = 2147483647;
			files = (
			);
			inputPaths = (
				"${PODS_PODFILE_DIR_PATH}/Podfile.lock",
				"${PODS_ROOT}/Manifest.lock",
			);
			name = "[CP] Check Pods Manifest.lock";
			outputPaths = (
				"$(DERIVED_FILE_DIR)/Pods-Sample App-checkManifestLockResult.txt",
			);
			runOnlyForDeploymentPostprocessing = 0;
			shellPath = /bin/sh;
			shellScript = "diff \"${PODS_PODFILE_DIR_PATH}/Podfile.lock\" \"${PODS_ROOT}/Manifest.lock\" > /dev/null\nif [ $? != 0 ] ; then\n    # print error to STDERR\n    echo \"error: The sandbox is not in sync with the Podfile.lock. Run 'pod install' or update your CocoaPods installation.\" >&2\n    exit 1\nfi\n# This output is used by Xcode 'outputs' to avoid re-running this script phase.\necho \"SUCCESS\" > \"${SCRIPT_OUTPUT_FILE_0}\"\n";
			showEnvVarsInLog = 0;
		};
		CD25F0A6EBBB202449F2568C /* [CP] Copy Pods Resources */ = {
			isa = PBXShellScriptBuildPhase;
			buildActionMask = 2147483647;
			files = (
			);
			inputPaths = (
			);
			name = "[CP] Copy Pods Resources";
			outputPaths = (
			);
			runOnlyForDeploymentPostprocessing = 0;
			shellPath = /bin/sh;
			shellScript = "\"${SRCROOT}/Pods/Target Support Files/Pods-Sample App/Pods-Sample App-resources.sh\"\n";
			showEnvVarsInLog = 0;
		};
/* End PBXShellScriptBuildPhase section */

/* Begin PBXSourcesBuildPhase section */
		F855B90B205D0E1A0014936C /* Sources */ = {
			isa = PBXSourcesBuildPhase;
			buildActionMask = 2147483647;
			files = (
				F855B930205D109A0014936C /* RxSSDPClient.swift in Sources */,
				F8788155205D1BDF000509AA /* SSDPResponse+Equatable.swift in Sources */,
				F8788157205D1C02000509AA /* SSDPRequest+ComplexInit.swift in Sources */,
				F855B92A205D0F340014936C /* SSDPResponse.swift in Sources */,
				F855B914205D0E1A0014936C /* ViewController.swift in Sources */,
				F855B912205D0E1A0014936C /* AppDelegate.swift in Sources */,
				F855B92F205D109A0014936C /* RxGCDAsyncUdpSocketDelegateProxy.swift in Sources */,
				F855B934205D13F20014936C /* SSDPRepositoryImpl.swift in Sources */,
				F855B929205D0F340014936C /* SSDPClient.swift in Sources */,
				F855B927205D0F340014936C /* SSDPMessageParser.swift in Sources */,
				F855B928205D0F340014936C /* SSDPRequest.swift in Sources */,
				F855B932205D13E60014936C /* SSDPRepository.swift in Sources */,
			);
			runOnlyForDeploymentPostprocessing = 0;
		};
/* End PBXSourcesBuildPhase section */

/* Begin PBXVariantGroup section */
		F855B915205D0E1A0014936C /* Main.storyboard */ = {
			isa = PBXVariantGroup;
			children = (
				F855B916205D0E1A0014936C /* Base */,
			);
			name = Main.storyboard;
			sourceTree = "<group>";
		};
		F855B91A205D0E1A0014936C /* LaunchScreen.storyboard */ = {
			isa = PBXVariantGroup;
			children = (
				F855B91B205D0E1A0014936C /* Base */,
			);
			name = LaunchScreen.storyboard;
			sourceTree = "<group>";
		};
/* End PBXVariantGroup section */

/* Begin XCBuildConfiguration section */
		F855B91F205D0E1A0014936C /* Debug */ = {
			isa = XCBuildConfiguration;
			baseConfigurationReference = 367902C8D00D3AFA2F49BFA3 /* Pods-Sample App.debug.xcconfig */;
			buildSettings = {
				ASSETCATALOG_COMPILER_APPICON_NAME = AppIcon;
				CODE_SIGN_IDENTITY = "iPhone Developer";
				CODE_SIGN_STYLE = Automatic;
				INFOPLIST_FILE = "Sample App/Info.plist";
				IPHONEOS_DEPLOYMENT_TARGET = 11.2;
				LD_RUNPATH_SEARCH_PATHS = "$(inherited) @executable_path/Frameworks";
				PRODUCT_BUNDLE_IDENTIFIER = "com.uberweb.Sample-App";
				PRODUCT_NAME = "$(TARGET_NAME)";
				SDKROOT = iphoneos;
				SWIFT_VERSION = 4.0;
				TARGETED_DEVICE_FAMILY = "1,2";
			};
			name = Debug;
		};
		F855B920205D0E1A0014936C /* Release */ = {
			isa = XCBuildConfiguration;
			baseConfigurationReference = 1E80694FEF8C525CF96B3C14 /* Pods-Sample App.release.xcconfig */;
			buildSettings = {
				ASSETCATALOG_COMPILER_APPICON_NAME = AppIcon;
				CODE_SIGN_IDENTITY = "iPhone Developer";
				CODE_SIGN_STYLE = Automatic;
				INFOPLIST_FILE = "Sample App/Info.plist";
				IPHONEOS_DEPLOYMENT_TARGET = 11.2;
				LD_RUNPATH_SEARCH_PATHS = "$(inherited) @executable_path/Frameworks";
				PRODUCT_BUNDLE_IDENTIFIER = "com.uberweb.Sample-App";
				PRODUCT_NAME = "$(TARGET_NAME)";
				SDKROOT = iphoneos;
				SWIFT_VERSION = 4.0;
				TARGETED_DEVICE_FAMILY = "1,2";
			};
			name = Release;
		};
		F8F5618A205D0C8E00E28533 /* Debug */ = {
			isa = XCBuildConfiguration;
			buildSettings = {
				ALWAYS_SEARCH_USER_PATHS = NO;
				CLANG_ANALYZER_NONNULL = YES;
				CLANG_ANALYZER_NUMBER_OBJECT_CONVERSION = YES_AGGRESSIVE;
				CLANG_CXX_LANGUAGE_STANDARD = "gnu++14";
				CLANG_CXX_LIBRARY = "libc++";
				CLANG_ENABLE_MODULES = YES;
				CLANG_ENABLE_OBJC_ARC = YES;
				CLANG_WARN_BLOCK_CAPTURE_AUTORELEASING = YES;
				CLANG_WARN_BOOL_CONVERSION = YES;
				CLANG_WARN_COMMA = YES;
				CLANG_WARN_CONSTANT_CONVERSION = YES;
				CLANG_WARN_DIRECT_OBJC_ISA_USAGE = YES_ERROR;
				CLANG_WARN_DOCUMENTATION_COMMENTS = YES;
				CLANG_WARN_EMPTY_BODY = YES;
				CLANG_WARN_ENUM_CONVERSION = YES;
				CLANG_WARN_INFINITE_RECURSION = YES;
				CLANG_WARN_INT_CONVERSION = YES;
				CLANG_WARN_NON_LITERAL_NULL_CONVERSION = YES;
				CLANG_WARN_OBJC_LITERAL_CONVERSION = YES;
				CLANG_WARN_OBJC_ROOT_CLASS = YES_ERROR;
				CLANG_WARN_RANGE_LOOP_ANALYSIS = YES;
				CLANG_WARN_STRICT_PROTOTYPES = YES;
				CLANG_WARN_SUSPICIOUS_MOVE = YES;
				CLANG_WARN_UNGUARDED_AVAILABILITY = YES_AGGRESSIVE;
				CLANG_WARN_UNREACHABLE_CODE = YES;
				CLANG_WARN__DUPLICATE_METHOD_MATCH = YES;
				COPY_PHASE_STRIP = NO;
				DEBUG_INFORMATION_FORMAT = dwarf;
				ENABLE_STRICT_OBJC_MSGSEND = YES;
				ENABLE_TESTABILITY = YES;
				GCC_C_LANGUAGE_STANDARD = gnu11;
				GCC_DYNAMIC_NO_PIC = NO;
				GCC_NO_COMMON_BLOCKS = YES;
				GCC_OPTIMIZATION_LEVEL = 0;
				GCC_PREPROCESSOR_DEFINITIONS = (
					"DEBUG=1",
					"$(inherited)",
				);
				GCC_WARN_64_TO_32_BIT_CONVERSION = YES;
				GCC_WARN_ABOUT_RETURN_TYPE = YES_ERROR;
				GCC_WARN_UNDECLARED_SELECTOR = YES;
				GCC_WARN_UNINITIALIZED_AUTOS = YES_AGGRESSIVE;
				GCC_WARN_UNUSED_FUNCTION = YES;
				GCC_WARN_UNUSED_VARIABLE = YES;
				MTL_ENABLE_DEBUG_INFO = YES;
				ONLY_ACTIVE_ARCH = YES;
				SDKROOT = appletvos;
				SWIFT_ACTIVE_COMPILATION_CONDITIONS = DEBUG;
				SWIFT_OPTIMIZATION_LEVEL = "-Onone";
				TVOS_DEPLOYMENT_TARGET = 11.2;
			};
			name = Debug;
		};
		F8F5618B205D0C8E00E28533 /* Release */ = {
			isa = XCBuildConfiguration;
			buildSettings = {
				ALWAYS_SEARCH_USER_PATHS = NO;
				CLANG_ANALYZER_NONNULL = YES;
				CLANG_ANALYZER_NUMBER_OBJECT_CONVERSION = YES_AGGRESSIVE;
				CLANG_CXX_LANGUAGE_STANDARD = "gnu++14";
				CLANG_CXX_LIBRARY = "libc++";
				CLANG_ENABLE_MODULES = YES;
				CLANG_ENABLE_OBJC_ARC = YES;
				CLANG_WARN_BLOCK_CAPTURE_AUTORELEASING = YES;
				CLANG_WARN_BOOL_CONVERSION = YES;
				CLANG_WARN_COMMA = YES;
				CLANG_WARN_CONSTANT_CONVERSION = YES;
				CLANG_WARN_DIRECT_OBJC_ISA_USAGE = YES_ERROR;
				CLANG_WARN_DOCUMENTATION_COMMENTS = YES;
				CLANG_WARN_EMPTY_BODY = YES;
				CLANG_WARN_ENUM_CONVERSION = YES;
				CLANG_WARN_INFINITE_RECURSION = YES;
				CLANG_WARN_INT_CONVERSION = YES;
				CLANG_WARN_NON_LITERAL_NULL_CONVERSION = YES;
				CLANG_WARN_OBJC_LITERAL_CONVERSION = YES;
				CLANG_WARN_OBJC_ROOT_CLASS = YES_ERROR;
				CLANG_WARN_RANGE_LOOP_ANALYSIS = YES;
				CLANG_WARN_STRICT_PROTOTYPES = YES;
				CLANG_WARN_SUSPICIOUS_MOVE = YES;
				CLANG_WARN_UNGUARDED_AVAILABILITY = YES_AGGRESSIVE;
				CLANG_WARN_UNREACHABLE_CODE = YES;
				CLANG_WARN__DUPLICATE_METHOD_MATCH = YES;
				COPY_PHASE_STRIP = NO;
				DEBUG_INFORMATION_FORMAT = "dwarf-with-dsym";
				ENABLE_NS_ASSERTIONS = NO;
				ENABLE_STRICT_OBJC_MSGSEND = YES;
				GCC_C_LANGUAGE_STANDARD = gnu11;
				GCC_NO_COMMON_BLOCKS = YES;
				GCC_WARN_64_TO_32_BIT_CONVERSION = YES;
				GCC_WARN_ABOUT_RETURN_TYPE = YES_ERROR;
				GCC_WARN_UNDECLARED_SELECTOR = YES;
				GCC_WARN_UNINITIALIZED_AUTOS = YES_AGGRESSIVE;
				GCC_WARN_UNUSED_FUNCTION = YES;
				GCC_WARN_UNUSED_VARIABLE = YES;
				MTL_ENABLE_DEBUG_INFO = NO;
				SDKROOT = appletvos;
				SWIFT_OPTIMIZATION_LEVEL = "-Owholemodule";
				TVOS_DEPLOYMENT_TARGET = 11.2;
				VALIDATE_PRODUCT = YES;
			};
			name = Release;
		};
/* End XCBuildConfiguration section */

/* Begin XCConfigurationList section */
		F855B91E205D0E1A0014936C /* Build configuration list for PBXNativeTarget "Sample App" */ = {
			isa = XCConfigurationList;
			buildConfigurations = (
				F855B91F205D0E1A0014936C /* Debug */,
				F855B920205D0E1A0014936C /* Release */,
			);
			defaultConfigurationIsVisible = 0;
			defaultConfigurationName = Release;
		};
		F8F56178205D0C8E00E28533 /* Build configuration list for PBXProject "RxSSDP" */ = {
			isa = XCConfigurationList;
			buildConfigurations = (
				F8F5618A205D0C8E00E28533 /* Debug */,
				F8F5618B205D0C8E00E28533 /* Release */,
			);
			defaultConfigurationIsVisible = 0;
			defaultConfigurationName = Release;
		};
/* End XCConfigurationList section */
	};
	rootObject = F8F56175205D0C8E00E28533 /* Project object */;
}
